{
  "name": "notawesome-website-renderer",
  "version": "0.0.0",
  "lockfileVersion": 3,
  "requires": true,
  "packages": {
    "": {
      "name": "notawesome-website-renderer",
      "version": "0.0.0",
      "dependencies": {
        "highlight.js": "11.11.1",
        "marked": "16.2.1",
        "marked-highlight": "2.2.2",
        "strip-indent": "4.0.0"
      },
      "devDependencies": {
        "@types/bun": "latest",
        "bun": "1.2.21",
        "typescript": "5.9.2"
      }
    },
    "node_modules/@oven/bun-darwin-aarch64": {
      "version": "1.2.21",
      "resolved": "https://registry.npmjs.org/@oven/bun-darwin-aarch64/-/bun-darwin-aarch64-1.2.21.tgz",
      "integrity": "sha512-SihfZ3czKeWz6Z3m5rUDrMlarwOXjnkUg+7tIiSB9VZCFSvWEItMfdAF170eCXxZmEh7A1dw20a3lW37lkmlrA==",
      "cpu": [
        "arm64"
      ],
      "dev": true,
      "license": "MIT",
      "optional": true,
      "os": [
        "darwin"
      ]
    },
    "node_modules/@oven/bun-darwin-x64": {
      "version": "1.2.21",
      "resolved": "https://registry.npmjs.org/@oven/bun-darwin-x64/-/bun-darwin-x64-1.2.21.tgz",
      "integrity": "sha512-iXr4y2ap6EmME7/EDoLMxSRKAh9yswKfrHDb9sF+ExHbk1C+XsNGxMY73ckQe2w0SIH6NXz2cRMTORbZ8LNjig==",
      "cpu": [
        "x64"
      ],
      "dev": true,
      "license": "MIT",
      "optional": true,
      "os": [
        "darwin"
      ]
    },
    "node_modules/@oven/bun-darwin-x64-baseline": {
      "version": "1.2.21",
      "resolved": "https://registry.npmjs.org/@oven/bun-darwin-x64-baseline/-/bun-darwin-x64-baseline-1.2.21.tgz",
      "integrity": "sha512-3KeslC5z3vpXxluYBqh6EDwojxTSyWJQeYPJFf7y/Z5QJuAN7g33l8jrx072X8P/G8CBzU1lJky14vhhnqWd7A==",
      "cpu": [
        "x64"
      ],
      "dev": true,
      "license": "MIT",
      "optional": true,
      "os": [
        "darwin"
      ]
    },
    "node_modules/@oven/bun-linux-aarch64": {
      "version": "1.2.21",
      "resolved": "https://registry.npmjs.org/@oven/bun-linux-aarch64/-/bun-linux-aarch64-1.2.21.tgz",
      "integrity": "sha512-jpUFKGUpim4h4KOqI1VYYgvifZVrWNQZFrmVPfSqGb0ZzF/p5L2qc9Hy2aUL3Lo+zHMPylwbe0iLKElPYk0xoQ==",
      "cpu": [
        "arm64"
      ],
      "dev": true,
      "license": "MIT",
      "optional": true,
      "os": [
        "linux"
      ]
    },
    "node_modules/@oven/bun-linux-aarch64-musl": {
      "version": "1.2.21",
      "resolved": "https://registry.npmjs.org/@oven/bun-linux-aarch64-musl/-/bun-linux-aarch64-musl-1.2.21.tgz",
      "integrity": "sha512-7UoUHKACYDin3iR6kdqUrF1AOCCjTHPTv1xmzlX4rzwNQvFYSAR83AMrY7hkatKGzLYkI8EjXDAvFJpwF+ZxoA==",
      "cpu": [
        "aarch64"
      ],
      "dev": true,
      "license": "MIT",
      "optional": true,
      "os": [
        "linux"
      ]
    },
    "node_modules/@oven/bun-linux-x64": {
      "version": "1.2.21",
      "resolved": "https://registry.npmjs.org/@oven/bun-linux-x64/-/bun-linux-x64-1.2.21.tgz",
      "integrity": "sha512-6RuXFaVU2ve0TVw1vfFo7ix/jh9IX7mMAEhwE2odX8EdX/ea55upiivYQ/EKeXt+Ij3STc2bCeV4vvRoEJAHdg==",
      "cpu": [
        "x64"
      ],
      "dev": true,
      "license": "MIT",
      "optional": true,
      "os": [
        "linux"
      ]
    },
    "node_modules/@oven/bun-linux-x64-baseline": {
      "version": "1.2.21",
      "resolved": "https://registry.npmjs.org/@oven/bun-linux-x64-baseline/-/bun-linux-x64-baseline-1.2.21.tgz",
      "integrity": "sha512-oZ5FUMfeghwbQcL9oxajsKjwVI+1GnVvxcJ3z+pifuXaLMZr25NCr5h0q2j+ZxEFL3RtL/Pyj8/HLfzGEIVAVg==",
      "cpu": [
        "x64"
      ],
      "dev": true,
      "license": "MIT",
      "optional": true,
      "os": [
        "linux"
      ]
    },
    "node_modules/@oven/bun-linux-x64-musl": {
      "version": "1.2.21",
      "resolved": "https://registry.npmjs.org/@oven/bun-linux-x64-musl/-/bun-linux-x64-musl-1.2.21.tgz",
      "integrity": "sha512-ioZjU+2yyLJXaDA8FKoy+tj/fuZKovG9EMp+n9+EG7g3MULbe5nU8gdsS/dET28WzuPlDlSkqF8EUocvg4HajQ==",
      "cpu": [
        "x64"
      ],
      "dev": true,
      "license": "MIT",
      "optional": true,
      "os": [
        "linux"
      ]
    },
    "node_modules/@oven/bun-linux-x64-musl-baseline": {
      "version": "1.2.21",
      "resolved": "https://registry.npmjs.org/@oven/bun-linux-x64-musl-baseline/-/bun-linux-x64-musl-baseline-1.2.21.tgz",
      "integrity": "sha512-0NzMg4XdXgujDM2jZogiV6MgACXW0a0NfB+o6fxwmUzdmMBUk1ZMRzypUi4XKjGUe89mYcPJcVFQRRnNwzTK/Q==",
      "cpu": [
        "x64"
      ],
      "dev": true,
      "license": "MIT",
      "optional": true,
      "os": [
        "linux"
      ]
    },
    "node_modules/@oven/bun-windows-x64": {
      "version": "1.2.21",
      "resolved": "https://registry.npmjs.org/@oven/bun-windows-x64/-/bun-windows-x64-1.2.21.tgz",
      "integrity": "sha512-DZVCXrZGN/B4JnVnieZin1Kxse1wOkf+Fm2hDGpZHzs27ECbw5xPMFIc0r/oCpxTc/InxuvYO9UGoOmvhFaHsQ==",
      "cpu": [
        "x64"
      ],
      "dev": true,
      "license": "MIT",
      "optional": true,
      "os": [
        "win32"
      ]
    },
    "node_modules/@oven/bun-windows-x64-baseline": {
      "version": "1.2.21",
      "resolved": "https://registry.npmjs.org/@oven/bun-windows-x64-baseline/-/bun-windows-x64-baseline-1.2.21.tgz",
      "integrity": "sha512-sTnkLdThgsa6X8ib6eb3+zgy+CGJOibK6Th4wV2wmZFi5af6TM+digEi9i+q/X3nabGwPXm0V4vBiVpvcFilsA==",
      "cpu": [
        "x64"
      ],
      "dev": true,
      "license": "MIT",
      "optional": true,
      "os": [
        "win32"
      ]
    },
    "node_modules/@types/bun": {
      "version": "1.2.20",
      "resolved": "https://registry.npmjs.org/@types/bun/-/bun-1.2.20.tgz",
      "integrity": "sha512-dX3RGzQ8+KgmMw7CsW4xT5ITBSCrSbfHc36SNT31EOUg/LA9JWq0VDdEXDRSe1InVWpd2yLUM1FUF/kEOyTzYA==",
      "dev": true,
      "license": "MIT",
      "dependencies": {
        "bun-types": "1.2.20"
      }
    },
    "node_modules/@types/node": {
      "version": "24.3.0",
      "resolved": "https://registry.npmjs.org/@types/node/-/node-24.3.0.tgz",
      "integrity": "sha512-aPTXCrfwnDLj4VvXrm+UUCQjNEvJgNA8s5F1cvwQU+3KNltTOkBm1j30uNLyqqPNe7gE3KFzImYoZEfLhp4Yow==",
      "dev": true,
      "license": "MIT",
      "dependencies": {
        "undici-types": "~7.10.0"
      }
    },
    "node_modules/@types/react": {
      "version": "19.1.10",
      "resolved": "https://registry.npmjs.org/@types/react/-/react-19.1.10.tgz",
      "integrity": "sha512-EhBeSYX0Y6ye8pNebpKrwFJq7BoQ8J5SO6NlvNwwHjSj6adXJViPQrKlsyPw7hLBLvckEMO1yxeGdR82YBBlDg==",
      "dev": true,
      "license": "MIT",
      "peer": true,
      "dependencies": {
        "csstype": "^3.0.2"
      }
    },
    "node_modules/bun": {
      "version": "1.2.21",
      "resolved": "https://registry.npmjs.org/bun/-/bun-1.2.21.tgz",
      "integrity": "sha512-y0lJ02dS90U3PJm+7KAKY8Se95AQvP5Xm77LouUwrpNOHpv59kBG4SK1+9iE1cAhpUaFipq+0EJ56S6MmE3row==",
      "cpu": [
        "arm64",
        "x64",
        "aarch64"
      ],
      "dev": true,
      "hasInstallScript": true,
      "license": "MIT",
      "os": [
        "darwin",
        "linux",
        "win32"
      ],
      "bin": {
        "bun": "bin/bun.exe",
        "bunx": "bin/bunx.exe"
      },
      "optionalDependencies": {
        "@oven/bun-darwin-aarch64": "1.2.21",
        "@oven/bun-darwin-x64": "1.2.21",
        "@oven/bun-darwin-x64-baseline": "1.2.21",
        "@oven/bun-linux-aarch64": "1.2.21",
        "@oven/bun-linux-aarch64-musl": "1.2.21",
        "@oven/bun-linux-x64": "1.2.21",
        "@oven/bun-linux-x64-baseline": "1.2.21",
        "@oven/bun-linux-x64-musl": "1.2.21",
        "@oven/bun-linux-x64-musl-baseline": "1.2.21",
        "@oven/bun-windows-x64": "1.2.21",
        "@oven/bun-windows-x64-baseline": "1.2.21"
      }
    },
    "node_modules/bun-types": {
      "version": "1.2.20",
      "resolved": "https://registry.npmjs.org/bun-types/-/bun-types-1.2.20.tgz",
      "integrity": "sha512-pxTnQYOrKvdOwyiyd/7sMt9yFOenN004Y6O4lCcCUoKVej48FS5cvTw9geRaEcB9TsDZaJKAxPTVvi8tFsVuXA==",
      "dev": true,
      "license": "MIT",
      "dependencies": {
        "@types/node": "*"
      },
      "peerDependencies": {
        "@types/react": "^19"
      }
    },
    "node_modules/csstype": {
      "version": "3.1.3",
      "resolved": "https://registry.npmjs.org/csstype/-/csstype-3.1.3.tgz",
      "integrity": "sha512-M1uQkMl8rQK/szD0LNhtqxIPLpimGm8sOBwU7lLnCpSbTyY3yeU1Vc7l4KT5zT4s/yOxHH5O7tIuuLOCnLADRw==",
      "dev": true,
      "license": "MIT",
      "peer": true
    },
    "node_modules/highlight.js": {
      "version": "11.11.1",
      "resolved": "https://registry.npmjs.org/highlight.js/-/highlight.js-11.11.1.tgz",
      "integrity": "sha512-Xwwo44whKBVCYoliBQwaPvtd/2tYFkRQtXDWj1nackaV2JPXx3L0+Jvd8/qCJ2p+ML0/XVkJ2q+Mr+UVdpJK5w==",
      "license": "BSD-3-Clause",
      "engines": {
        "node": ">=12.0.0"
      }
    },
    "node_modules/marked": {
      "version": "16.2.1",
      "resolved": "https://registry.npmjs.org/marked/-/marked-16.2.1.tgz",
      "integrity": "sha512-r3UrXED9lMlHF97jJByry90cwrZBBvZmjG1L68oYfuPMW+uDTnuMbyJDymCWwbTE+f+3LhpNDKfpR3a3saFyjA==",
      "license": "MIT",
      "bin": {
        "marked": "bin/marked.js"
      },
      "engines": {
        "node": ">= 20"
      }
    },
    "node_modules/marked-highlight": {
      "version": "2.2.2",
      "resolved": "https://registry.npmjs.org/marked-highlight/-/marked-highlight-2.2.2.tgz",
      "integrity": "sha512-KlHOP31DatbtPPXPaI8nx1KTrG3EW0Z5zewCwpUj65swbtKOTStteK3sNAjBqV75Pgo3fNEVNHeptg18mDuWgw==",
      "license": "MIT",
      "peerDependencies": {
        "marked": ">=4 <17"
      }
    },
    "node_modules/min-indent": {
      "version": "1.0.1",
      "resolved": "https://registry.npmjs.org/min-indent/-/min-indent-1.0.1.tgz",
      "integrity": "sha512-I9jwMn07Sy/IwOj3zVkVik2JTvgpaykDZEigL6Rx6N9LbMywwUSMtxET+7lVoDLLd3O3IXwJwvuuns8UB/HeAg==",
      "license": "MIT",
      "engines": {
        "node": ">=4"
      }
    },
    "node_modules/strip-indent": {
      "version": "4.0.0",
      "resolved": "https://registry.npmjs.org/strip-indent/-/strip-indent-4.0.0.tgz",
      "integrity": "sha512-mnVSV2l+Zv6BLpSD/8V87CW/y9EmmbYzGCIavsnsI6/nwn26DwffM/yztm30Z/I2DY9wdS3vXVCMnHDgZaVNoA==",
      "license": "MIT",
      "dependencies": {
        "min-indent": "^1.0.1"
      },
      "engines": {
        "node": ">=12"
      },
      "funding": {
        "url": "https://github.com/sponsors/sindresorhus"
      }
    },
    "node_modules/typescript": {
      "version": "5.9.2",
      "resolved": "https://registry.npmjs.org/typescript/-/typescript-5.9.2.tgz",
      "integrity": "sha512-CWBzXQrc/qOkhidw1OzBTQuYRbfyxDXJMVJ1XNwUHGROVmuaeiEm3OslpZ1RV96d7SKKjZKrSJu3+t/xlw3R9A==",
      "dev": true,
      "license": "Apache-2.0",
      "bin": {
        "tsc": "bin/tsc",
        "tsserver": "bin/tsserver"
      },
      "engines": {
        "node": ">=14.17"
      }
    },
    "node_modules/undici-types": {
      "version": "7.10.0",
      "resolved": "https://registry.npmjs.org/undici-types/-/undici-types-7.10.0.tgz",
      "integrity": "sha512-t5Fy/nfn+14LuOc2KNYg75vZqClpAiqscVvMygNnlsHBFpSXdJaYtXMcdNLpl/Qvc3P2cB3s6lOV51nqsFq4ag==",
      "dev": true,
      "license": "MIT"
    }
  }
}
