{
  "name": "notawesome-website-renderer",
  "version": "0.0.0",
  "lockfileVersion": 3,
  "requires": true,
  "packages": {
    "": {
      "name": "notawesome-website-renderer",
      "version": "0.0.0",
      "dependencies": {
        "highlight.js": "11.11.1",
        "marked": "17.0.1",
        "marked-highlight": "2.2.3",
        "strip-indent": "4.1.1"
      },
      "devDependencies": {
        "@types/bun": "latest",
        "bun": "1.3.7",
        "typescript": "5.9.3"
      }
    },
    "node_modules/@oven/bun-darwin-aarch64": {
      "version": "1.3.7",
      "resolved": "https://registry.npmjs.org/@oven/bun-darwin-aarch64/-/bun-darwin-aarch64-1.3.7.tgz",
      "integrity": "sha512-Mh78f4B+vNTOhFpI7RWHRWDqSKTnFXj/MauRx7I/GmNwEfw56sUx98gWRwXyF4lkW+9VNU+33wuw6E+M22W66w==",
      "cpu": [
        "arm64"
      ],
      "dev": true,
      "license": "MIT",
      "optional": true,
      "os": [
        "darwin"
      ]
    },
    "node_modules/@oven/bun-darwin-x64": {
      "version": "1.3.7",
      "resolved": "https://registry.npmjs.org/@oven/bun-darwin-x64/-/bun-darwin-x64-1.3.7.tgz",
      "integrity": "sha512-dFfKdSVz6Ois5zjEJboUC7igcYAVd+c//ajotd0L6WUQAKQrHMVq/+6LjOj/0zjC6VPFNGWzeF8erymNo1y0Jw==",
      "cpu": [
        "x64"
      ],
      "dev": true,
      "license": "MIT",
      "optional": true,
      "os": [
        "darwin"
      ]
    },
    "node_modules/@oven/bun-darwin-x64-baseline": {
      "version": "1.3.7",
      "resolved": "https://registry.npmjs.org/@oven/bun-darwin-x64-baseline/-/bun-darwin-x64-baseline-1.3.7.tgz",
      "integrity": "sha512-bUND1aQoTCfIL+idALT7FWtuX59ltOIRo954c7p/JkESbSIJ01jY06BSNVbkGk8RQM19v/7qiqZZqi4NyO4Utw==",
      "cpu": [
        "x64"
      ],
      "dev": true,
      "license": "MIT",
      "optional": true,
      "os": [
        "darwin"
      ]
    },
    "node_modules/@oven/bun-linux-aarch64": {
      "version": "1.3.7",
      "resolved": "https://registry.npmjs.org/@oven/bun-linux-aarch64/-/bun-linux-aarch64-1.3.7.tgz",
      "integrity": "sha512-m03OtzEs+/RkWtk6tBf8yw0GW4P8ajfzTXnTt984tQBgkMubGQYUyUnFasWgr3mD2820LhkVjhYeBf1rkz/biQ==",
      "cpu": [
        "arm64"
      ],
      "dev": true,
      "license": "MIT",
      "optional": true,
      "os": [
        "linux"
      ]
    },
    "node_modules/@oven/bun-linux-aarch64-musl": {
      "version": "1.3.7",
      "resolved": "https://registry.npmjs.org/@oven/bun-linux-aarch64-musl/-/bun-linux-aarch64-musl-1.3.7.tgz",
      "integrity": "sha512-QDxrROdUnC1d/uoilXtUeFHaLhYdRN7dRIzw/Iqj/vrrhnkA6VS+HYoCWtyyVvci/K+JrPmDwxOWlSRpmV4INA==",
      "cpu": [
        "arm64"
      ],
      "dev": true,
      "license": "MIT",
      "optional": true,
      "os": [
        "linux"
      ]
    },
    "node_modules/@oven/bun-linux-x64": {
      "version": "1.3.7",
      "resolved": "https://registry.npmjs.org/@oven/bun-linux-x64/-/bun-linux-x64-1.3.7.tgz",
      "integrity": "sha512-uttKQ/eIRVGc4uBtLRqmQqXGf57/dmQaF0AEd37RQNRRRd1P/VYnFMiMcVaot3HJ6IFjHjGtcPO9ekT49LxBYQ==",
      "cpu": [
        "x64"
      ],
      "dev": true,
      "license": "MIT",
      "optional": true,
      "os": [
        "linux"
      ]
    },
    "node_modules/@oven/bun-linux-x64-baseline": {
      "version": "1.3.7",
      "resolved": "https://registry.npmjs.org/@oven/bun-linux-x64-baseline/-/bun-linux-x64-baseline-1.3.7.tgz",
      "integrity": "sha512-Jlb/AcrIFU3QDeR3EL4UVT1CIKqnLJDgbU+R0k/+NaSWMrBEpZV+gJJT5L1cmEKTNhU/d+c7hudxkjtqA7XXqA==",
      "cpu": [
        "x64"
      ],
      "dev": true,
      "license": "MIT",
      "optional": true,
      "os": [
        "linux"
      ]
    },
    "node_modules/@oven/bun-linux-x64-musl": {
      "version": "1.3.7",
      "resolved": "https://registry.npmjs.org/@oven/bun-linux-x64-musl/-/bun-linux-x64-musl-1.3.7.tgz",
      "integrity": "sha512-aK8fvkCosrHRG3CNdVqMom1C8Rj3XkqZp0ZFSBXgaXlKP22RkxlEE9tS7OmSq9yVgEk6euTB3dW4NFo/jlXqeg==",
      "cpu": [
        "x64"
      ],
      "dev": true,
      "license": "MIT",
      "optional": true,
      "os": [
        "linux"
      ]
    },
    "node_modules/@oven/bun-linux-x64-musl-baseline": {
      "version": "1.3.7",
      "resolved": "https://registry.npmjs.org/@oven/bun-linux-x64-musl-baseline/-/bun-linux-x64-musl-baseline-1.3.7.tgz",
      "integrity": "sha512-lySQQ7zJJsoa5hQH+PE5bQyQaTI8G2Erszhu4iQuDtsocwy3zSxjB6TxGWTd4HmetPl9aRvg3nb2KR8RVAd7ug==",
      "cpu": [
        "x64"
      ],
      "dev": true,
      "license": "MIT",
      "optional": true,
      "os": [
        "linux"
      ]
    },
    "node_modules/@oven/bun-windows-x64": {
      "version": "1.3.7",
      "resolved": "https://registry.npmjs.org/@oven/bun-windows-x64/-/bun-windows-x64-1.3.7.tgz",
      "integrity": "sha512-3QdIGdSn3fkssCq/vPjtPLAQxo+eMUzcwJedn1c5mXDy1AoisjhoxhWnbVl8+uk+wt9N6JUPdISoe0N4OdwXfg==",
      "cpu": [
        "x64"
      ],
      "dev": true,
      "license": "MIT",
      "optional": true,
      "os": [
        "win32"
      ]
    },
    "node_modules/@oven/bun-windows-x64-baseline": {
      "version": "1.3.7",
      "resolved": "https://registry.npmjs.org/@oven/bun-windows-x64-baseline/-/bun-windows-x64-baseline-1.3.7.tgz",
      "integrity": "sha512-wMgELfW5vFceh4qEOYb5iV5TjrjjnBJzE383ixA3kqGKzaubksSxNc11eZhS0ptcJ5a0UjN5hfbMh6sYoh+cRQ==",
      "cpu": [
        "x64"
      ],
      "dev": true,
      "license": "MIT",
      "optional": true,
      "os": [
        "win32"
      ]
    },
    "node_modules/@types/bun": {
      "version": "1.3.6",
      "resolved": "https://registry.npmjs.org/@types/bun/-/bun-1.3.6.tgz",
      "integrity": "sha512-uWCv6FO/8LcpREhenN1d1b6fcspAB+cefwD7uti8C8VffIv0Um08TKMn98FynpTiU38+y2dUO55T11NgDt8VAA==",
      "dev": true,
      "license": "MIT",
      "dependencies": {
        "bun-types": "1.3.6"
      }
    },
    "node_modules/@types/node": {
      "version": "25.0.10",
      "resolved": "https://registry.npmjs.org/@types/node/-/node-25.0.10.tgz",
      "integrity": "sha512-zWW5KPngR/yvakJgGOmZ5vTBemDoSqF3AcV/LrO5u5wTWyEAVVh+IT39G4gtyAkh3CtTZs8aX/yRM82OfzHJRg==",
      "dev": true,
      "license": "MIT",
      "dependencies": {
        "undici-types": "~7.16.0"
      }
    },
    "node_modules/bun": {
      "version": "1.3.7",
      "resolved": "https://registry.npmjs.org/bun/-/bun-1.3.7.tgz",
      "integrity": "sha512-ha86NG8WiAXYR7eQw/9S+7V7Lo8KfD36XutWJNS1VndzaipWS0QIen5n3K9MT3PpP/sdGmmHjhkrU0sCM2lGGQ==",
      "cpu": [
        "arm64",
        "x64"
      ],
      "dev": true,
      "hasInstallScript": true,
      "license": "MIT",
      "os": [
        "darwin",
        "linux",
        "win32"
      ],
      "bin": {
        "bun": "bin/bun.exe",
        "bunx": "bin/bunx.exe"
      },
      "optionalDependencies": {
        "@oven/bun-darwin-aarch64": "1.3.7",
        "@oven/bun-darwin-x64": "1.3.7",
        "@oven/bun-darwin-x64-baseline": "1.3.7",
        "@oven/bun-linux-aarch64": "1.3.7",
        "@oven/bun-linux-aarch64-musl": "1.3.7",
        "@oven/bun-linux-x64": "1.3.7",
        "@oven/bun-linux-x64-baseline": "1.3.7",
        "@oven/bun-linux-x64-musl": "1.3.7",
        "@oven/bun-linux-x64-musl-baseline": "1.3.7",
        "@oven/bun-windows-x64": "1.3.7",
        "@oven/bun-windows-x64-baseline": "1.3.7"
      }
    },
    "node_modules/bun-types": {
      "version": "1.3.6",
      "resolved": "https://registry.npmjs.org/bun-types/-/bun-types-1.3.6.tgz",
      "integrity": "sha512-OlFwHcnNV99r//9v5IIOgQ9Uk37gZqrNMCcqEaExdkVq3Avwqok1bJFmvGMCkCE0FqzdY8VMOZpfpR3lwI+CsQ==",
      "dev": true,
      "license": "MIT",
      "dependencies": {
        "@types/node": "*"
      }
    },
    "node_modules/highlight.js": {
      "version": "11.11.1",
      "resolved": "https://registry.npmjs.org/highlight.js/-/highlight.js-11.11.1.tgz",
      "integrity": "sha512-Xwwo44whKBVCYoliBQwaPvtd/2tYFkRQtXDWj1nackaV2JPXx3L0+Jvd8/qCJ2p+ML0/XVkJ2q+Mr+UVdpJK5w==",
      "license": "BSD-3-Clause",
      "engines": {
        "node": ">=12.0.0"
      }
    },
    "node_modules/marked": {
      "version": "17.0.1",
      "resolved": "https://registry.npmjs.org/marked/-/marked-17.0.1.tgz",
      "integrity": "sha512-boeBdiS0ghpWcSwoNm/jJBwdpFaMnZWRzjA6SkUMYb40SVaN1x7mmfGKp0jvexGcx+7y2La5zRZsYFZI6Qpypg==",
      "license": "MIT",
      "peer": true,
      "bin": {
        "marked": "bin/marked.js"
      },
      "engines": {
        "node": ">= 20"
      }
    },
    "node_modules/marked-highlight": {
      "version": "2.2.3",
      "resolved": "https://registry.npmjs.org/marked-highlight/-/marked-highlight-2.2.3.tgz",
      "integrity": "sha512-FCfZRxW/msZAiasCML4isYpxyQWKEEx44vOgdn5Kloae+Qc3q4XR7WjpKKf8oMLk7JP9ZCRd2vhtclJFdwxlWQ==",
      "license": "MIT",
      "peerDependencies": {
        "marked": ">=4 <18"
      }
    },
    "node_modules/strip-indent": {
      "version": "4.1.1",
      "resolved": "https://registry.npmjs.org/strip-indent/-/strip-indent-4.1.1.tgz",
      "integrity": "sha512-SlyRoSkdh1dYP0PzclLE7r0M9sgbFKKMFXpFRUMNuKhQSbC6VQIGzq3E0qsfvGJaUFJPGv6Ws1NZ/haTAjfbMA==",
      "license": "MIT",
      "engines": {
        "node": ">=12"
      },
      "funding": {
        "url": "https://github.com/sponsors/sindresorhus"
      }
    },
    "node_modules/typescript": {
      "version": "5.9.3",
      "resolved": "https://registry.npmjs.org/typescript/-/typescript-5.9.3.tgz",
      "integrity": "sha512-jl1vZzPDinLr9eUt3J/t7V6FgNEw9QjvBPdysz9KfQDD41fQrC2Y4vKQdiaUpFT4bXlb1RHhLpp8wtm6M5TgSw==",
      "dev": true,
      "license": "Apache-2.0",
      "bin": {
        "tsc": "bin/tsc",
        "tsserver": "bin/tsserver"
      },
      "engines": {
        "node": ">=14.17"
      }
    },
    "node_modules/undici-types": {
      "version": "7.16.0",
      "resolved": "https://registry.npmjs.org/undici-types/-/undici-types-7.16.0.tgz",
      "integrity": "sha512-Zz+aZWSj8LE6zoxD+xrjh4VfkIG8Ya6LvYkZqtUQGJPZjYl53ypCaUwWqo7eI0x66KBGeRo+mlBEkMSeSZ38Nw==",
      "dev": true,
      "license": "MIT"
    }
  }
}
